
Microsoft Visual Studio Solution File, Format Version 12.00
# Visual Studio 15
VisualStudioVersion = 15.0.28307.106
MinimumVisualStudioVersion = 10.0.40219.1
Project("{9A19103F-16F7-4668-BE54-9A1E7A4F7556}") = "StayGreen.Web", "StayGreen.Web\StayGreen.Web.csproj", "{13A3CE3C-D631-4F49-88C2-0DC7C747E027}"
EndProject
Project("{9A19103F-16F7-4668-BE54-9A1E7A4F7556}") = "StayGreen.Common", "StayGreen.Common\StayGreen.Common.csproj", "{D927E8C4-2AEE-4B2B-A3DB-30381A406AF8}"
EndProject
Project("{9A19103F-16F7-4668-BE54-9A1E7A4F7556}") = "StayGreen.Models", "StayGreen.Models\StayGreen.Models.csproj", "{F86E799B-E766-48EE-8B8C-3C646FAEDC79}"
EndProject
Project("{9A19103F-16F7-4668-BE54-9A1E7A4F7556}") = "StayGreen.Configuration", "StayGreen.Configuration\StayGreen.Configuration.csproj", "{412F12FE-90D5-45B3-BE0F-5991CD1D1AF2}"
EndProject
Project("{9A19103F-16F7-4668-BE54-9A1E7A4F7556}") = "StayGreen.Services.Interfaces", "StayGreen.Services.Interfaces\StayGreen.Services.Interfaces.csproj", "{6E5C6E62-344E-4A09-829F-6B920EE047DF}"
EndProject
Project("{9A19103F-16F7-4668-BE54-9A1E7A4F7556}") = "StayGreen.Services", "StayGreen.Services\StayGreen.Services.csproj", "{2B0DDF64-E8F1-4C5B-9241-A7BCD0B335B5}"
EndProject
Project("{9A19103F-16F7-4668-BE54-9A1E7A4F7556}") = "StayGreen.Models.Dtos", "StayGreen.Models.Dtos\StayGreen.Models.Dtos.csproj", "{1D1E0A0A-2440-40A1-9F97-82685F854107}"
EndProject
Project("{9A19103F-16F7-4668-BE54-9A1E7A4F7556}") = "StayGreen.Controllers", "StayGreen.Controllers\StayGreen.Controllers.csproj", "{090EE8EB-B264-480A-8232-8E488C79C290}"
EndProject
Project("{9A19103F-16F7-4668-BE54-9A1E7A4F7556}") = "StayGreen.Tests", "StayGreen.Tests\StayGreen.Tests.csproj", "{AD91EA99-FF6E-4452-A102-FC088D970EF2}"
EndProject
Project("{9A19103F-16F7-4668-BE54-9A1E7A4F7556}") = "StayGreen.Web.Common", "StayGreen.Web.Common\StayGreen.Web.Common.csproj", "{22F2FEFE-1E80-4CAE-B98B-5F971BAA7420}"
EndProject
Project("{9A19103F-16F7-4668-BE54-9A1E7A4F7556}") = "StayGreen.Tools", "StayGreen.Tools\StayGreen.Tools.csproj", "{3B941B8B-C591-458F-91C5-0DAEE68ACE74}"
EndProject
Global
	GlobalSection(SolutionConfigurationPlatforms) = preSolution
		Debug|Any CPU = Debug|Any CPU
		Release|Any CPU = Release|Any CPU
	EndGlobalSection
	GlobalSection(ProjectConfigurationPlatforms) = postSolution
		{13A3CE3C-D631-4F49-88C2-0DC7C747E027}.Debug|Any CPU.ActiveCfg = Debug|Any CPU
		{13A3CE3C-D631-4F49-88C2-0DC7C747E027}.Debug|Any CPU.Build.0 = Debug|Any CPU
		{13A3CE3C-D631-4F49-88C2-0DC7C747E027}.Release|Any CPU.ActiveCfg = Release|Any CPU
		{13A3CE3C-D631-4F49-88C2-0DC7C747E027}.Release|Any CPU.Build.0 = Release|Any CPU
		{D927E8C4-2AEE-4B2B-A3DB-30381A406AF8}.Debug|Any CPU.ActiveCfg = Debug|Any CPU
		{D927E8C4-2AEE-4B2B-A3DB-30381A406AF8}.Debug|Any CPU.Build.0 = Debug|Any CPU
		{D927E8C4-2AEE-4B2B-A3DB-30381A406AF8}.Release|Any CPU.ActiveCfg = Release|Any CPU
		{D927E8C4-2AEE-4B2B-A3DB-30381A406AF8}.Release|Any CPU.Build.0 = Release|Any CPU
		{F86E799B-E766-48EE-8B8C-3C646FAEDC79}.Debug|Any CPU.ActiveCfg = Debug|Any CPU
		{F86E799B-E766-48EE-8B8C-3C646FAEDC79}.Debug|Any CPU.Build.0 = Debug|Any CPU
		{F86E799B-E766-48EE-8B8C-3C646FAEDC79}.Release|Any CPU.ActiveCfg = Release|Any CPU
		{F86E799B-E766-48EE-8B8C-3C646FAEDC79}.Release|Any CPU.Build.0 = Release|Any CPU
		{412F12FE-90D5-45B3-BE0F-5991CD1D1AF2}.Debug|Any CPU.ActiveCfg = Debug|Any CPU
		{412F12FE-90D5-45B3-BE0F-5991CD1D1AF2}.Debug|Any CPU.Build.0 = Debug|Any CPU
		{412F12FE-90D5-45B3-BE0F-5991CD1D1AF2}.Release|Any CPU.ActiveCfg = Release|Any CPU
		{412F12FE-90D5-45B3-BE0F-5991CD1D1AF2}.Release|Any CPU.Build.0 = Release|Any CPU
		{6E5C6E62-344E-4A09-829F-6B920EE047DF}.Debug|Any CPU.ActiveCfg = Debug|Any CPU
		{6E5C6E62-344E-4A09-829F-6B920EE047DF}.Debug|Any CPU.Build.0 = Debug|Any CPU
		{6E5C6E62-344E-4A09-829F-6B920EE047DF}.Release|Any CPU.ActiveCfg = Release|Any CPU
		{6E5C6E62-344E-4A09-829F-6B920EE047DF}.Release|Any CPU.Build.0 = Release|Any CPU
		{2B0DDF64-E8F1-4C5B-9241-A7BCD0B335B5}.Debug|Any CPU.ActiveCfg = Debug|Any CPU
		{2B0DDF64-E8F1-4C5B-9241-A7BCD0B335B5}.Debug|Any CPU.Build.0 = Debug|Any CPU
		{2B0DDF64-E8F1-4C5B-9241-A7BCD0B335B5}.Release|Any CPU.ActiveCfg = Release|Any CPU
		{2B0DDF64-E8F1-4C5B-9241-A7BCD0B335B5}.Release|Any CPU.Build.0 = Release|Any CPU
		{1D1E0A0A-2440-40A1-9F97-82685F854107}.Debug|Any CPU.ActiveCfg = Debug|Any CPU
		{1D1E0A0A-2440-40A1-9F97-82685F854107}.Debug|Any CPU.Build.0 = Debug|Any CPU
		{1D1E0A0A-2440-40A1-9F97-82685F854107}.Release|Any CPU.ActiveCfg = Release|Any CPU
		{1D1E0A0A-2440-40A1-9F97-82685F854107}.Release|Any CPU.Build.0 = Release|Any CPU
		{090EE8EB-B264-480A-8232-8E488C79C290}.Debug|Any CPU.ActiveCfg = Debug|Any CPU
		{090EE8EB-B264-480A-8232-8E488C79C290}.Debug|Any CPU.Build.0 = Debug|Any CPU
		{090EE8EB-B264-480A-8232-8E488C79C290}.Release|Any CPU.ActiveCfg = Release|Any CPU
		{090EE8EB-B264-480A-8232-8E488C79C290}.Release|Any CPU.Build.0 = Release|Any CPU
		{AD91EA99-FF6E-4452-A102-FC088D970EF2}.Debug|Any CPU.ActiveCfg = Debug|Any CPU
		{AD91EA99-FF6E-4452-A102-FC088D970EF2}.Debug|Any CPU.Build.0 = Debug|Any CPU
		{AD91EA99-FF6E-4452-A102-FC088D970EF2}.Release|Any CPU.ActiveCfg = Release|Any CPU
		{AD91EA99-FF6E-4452-A102-FC088D970EF2}.Release|Any CPU.Build.0 = Release|Any CPU
		{22F2FEFE-1E80-4CAE-B98B-5F971BAA7420}.Debug|Any CPU.ActiveCfg = Debug|Any CPU
		{22F2FEFE-1E80-4CAE-B98B-5F971BAA7420}.Debug|Any CPU.Build.0 = Debug|Any CPU
		{22F2FEFE-1E80-4CAE-B98B-5F971BAA7420}.Release|Any CPU.ActiveCfg = Release|Any CPU
		{22F2FEFE-1E80-4CAE-B98B-5F971BAA7420}.Release|Any CPU.Build.0 = Release|Any CPU
		{3B941B8B-C591-458F-91C5-0DAEE68ACE74}.Debug|Any CPU.ActiveCfg = Debug|Any CPU
		{3B941B8B-C591-458F-91C5-0DAEE68ACE74}.Debug|Any CPU.Build.0 = Debug|Any CPU
		{3B941B8B-C591-458F-91C5-0DAEE68ACE74}.Release|Any CPU.ActiveCfg = Release|Any CPU
		{3B941B8B-C591-458F-91C5-0DAEE68ACE74}.Release|Any CPU.Build.0 = Release|Any CPU
	EndGlobalSection
	GlobalSection(SolutionProperties) = preSolution
		HideSolutionNode = FALSE
	EndGlobalSection
	GlobalSection(ExtensibilityGlobals) = postSolution
		SolutionGuid = {8E8A144C-BE19-4D3D-9236-FF92C608E310}
	EndGlobalSection
EndGlobal
