
Microsoft Visual Studio Solution File, Format Version 12.00
# Visual Studio 15
VisualStudioVersion = 15.0.28307.106
MinimumVisualStudioVersion = 10.0.40219.1
Project("{9A19103F-16F7-4668-BE54-9A1E7A4F7556}") = "StayGreen.Web", "StayGreen.Web\StayGreen.Web.csproj", "{13A3CE3C-D631-4F49-88C2-0DC7C747E027}"
EndProject
Project("{9A19103F-16F7-4668-BE54-9A1E7A4F7556}") = "StayGreen.Services", "StayGreen.Services\StayGreen.Services.csproj", "{DA441261-2923-4C75-A9A0-10BBD40443D4}"
EndProject
Project("{9A19103F-16F7-4668-BE54-9A1E7A4F7556}") = "StayGreen.Services.Interfaces", "StayGreen.Services.Interfaces\StayGreen.Services.Interfaces.csproj", "{05B07F38-CE8E-4A20-8CBE-2FBEE6609A13}"
EndProject
Project("{9A19103F-16F7-4668-BE54-9A1E7A4F7556}") = "StayGreen.Models.Dtos", "StayGreen.Models.Dtos\StayGreen.Models.Dtos.csproj", "{470FA077-FFC6-4BFD-B182-DC57675A3C10}"
EndProject
Project("{9A19103F-16F7-4668-BE54-9A1E7A4F7556}") = "StayGreen.Models", "StayGreen.Models\StayGreen.Models.csproj", "{A185B80D-BE4C-4ED1-B276-2C8774F07210}"
EndProject
Project("{9A19103F-16F7-4668-BE54-9A1E7A4F7556}") = "StayGreen.Controllers", "StayGreen.Controllers\StayGreen.Controllers.csproj", "{116C897C-8737-4D51-834A-617D50CE82B1}"
EndProject
Project("{9A19103F-16F7-4668-BE54-9A1E7A4F7556}") = "StayGreen.Configuration", "StayGreen.Configuration\StayGreen.Configuration.csproj", "{4035A7A3-0859-423F-81FF-B75C186EE279}"
EndProject
Project("{9A19103F-16F7-4668-BE54-9A1E7A4F7556}") = "StayGreen.Common", "StayGreen.Common\StayGreen.Common.csproj", "{D927E8C4-2AEE-4B2B-A3DB-30381A406AF8}"
EndProject
Global
	GlobalSection(SolutionConfigurationPlatforms) = preSolution
		Debug|Any CPU = Debug|Any CPU
		Release|Any CPU = Release|Any CPU
	EndGlobalSection
	GlobalSection(ProjectConfigurationPlatforms) = postSolution
		{13A3CE3C-D631-4F49-88C2-0DC7C747E027}.Debug|Any CPU.ActiveCfg = Debug|Any CPU
		{13A3CE3C-D631-4F49-88C2-0DC7C747E027}.Debug|Any CPU.Build.0 = Debug|Any CPU
		{13A3CE3C-D631-4F49-88C2-0DC7C747E027}.Release|Any CPU.ActiveCfg = Release|Any CPU
		{13A3CE3C-D631-4F49-88C2-0DC7C747E027}.Release|Any CPU.Build.0 = Release|Any CPU
		{DA441261-2923-4C75-A9A0-10BBD40443D4}.Debug|Any CPU.ActiveCfg = Debug|Any CPU
		{DA441261-2923-4C75-A9A0-10BBD40443D4}.Debug|Any CPU.Build.0 = Debug|Any CPU
		{DA441261-2923-4C75-A9A0-10BBD40443D4}.Release|Any CPU.ActiveCfg = Release|Any CPU
		{DA441261-2923-4C75-A9A0-10BBD40443D4}.Release|Any CPU.Build.0 = Release|Any CPU
		{05B07F38-CE8E-4A20-8CBE-2FBEE6609A13}.Debug|Any CPU.ActiveCfg = Debug|Any CPU
		{05B07F38-CE8E-4A20-8CBE-2FBEE6609A13}.Debug|Any CPU.Build.0 = Debug|Any CPU
		{05B07F38-CE8E-4A20-8CBE-2FBEE6609A13}.Release|Any CPU.ActiveCfg = Release|Any CPU
		{05B07F38-CE8E-4A20-8CBE-2FBEE6609A13}.Release|Any CPU.Build.0 = Release|Any CPU
		{470FA077-FFC6-4BFD-B182-DC57675A3C10}.Debug|Any CPU.ActiveCfg = Debug|Any CPU
		{470FA077-FFC6-4BFD-B182-DC57675A3C10}.Debug|Any CPU.Build.0 = Debug|Any CPU
		{470FA077-FFC6-4BFD-B182-DC57675A3C10}.Release|Any CPU.ActiveCfg = Release|Any CPU
		{470FA077-FFC6-4BFD-B182-DC57675A3C10}.Release|Any CPU.Build.0 = Release|Any CPU
		{A185B80D-BE4C-4ED1-B276-2C8774F07210}.Debug|Any CPU.ActiveCfg = Debug|Any CPU
		{A185B80D-BE4C-4ED1-B276-2C8774F07210}.Debug|Any CPU.Build.0 = Debug|Any CPU
		{A185B80D-BE4C-4ED1-B276-2C8774F07210}.Release|Any CPU.ActiveCfg = Release|Any CPU
		{A185B80D-BE4C-4ED1-B276-2C8774F07210}.Release|Any CPU.Build.0 = Release|Any CPU
		{116C897C-8737-4D51-834A-617D50CE82B1}.Debug|Any CPU.ActiveCfg = Debug|Any CPU
		{116C897C-8737-4D51-834A-617D50CE82B1}.Debug|Any CPU.Build.0 = Debug|Any CPU
		{116C897C-8737-4D51-834A-617D50CE82B1}.Release|Any CPU.ActiveCfg = Release|Any CPU
		{116C897C-8737-4D51-834A-617D50CE82B1}.Release|Any CPU.Build.0 = Release|Any CPU
		{4035A7A3-0859-423F-81FF-B75C186EE279}.Debug|Any CPU.ActiveCfg = Debug|Any CPU
		{4035A7A3-0859-423F-81FF-B75C186EE279}.Debug|Any CPU.Build.0 = Debug|Any CPU
		{4035A7A3-0859-423F-81FF-B75C186EE279}.Release|Any CPU.ActiveCfg = Release|Any CPU
		{4035A7A3-0859-423F-81FF-B75C186EE279}.Release|Any CPU.Build.0 = Release|Any CPU
		{D927E8C4-2AEE-4B2B-A3DB-30381A406AF8}.Debug|Any CPU.ActiveCfg = Debug|Any CPU
		{D927E8C4-2AEE-4B2B-A3DB-30381A406AF8}.Debug|Any CPU.Build.0 = Debug|Any CPU
		{D927E8C4-2AEE-4B2B-A3DB-30381A406AF8}.Release|Any CPU.ActiveCfg = Release|Any CPU
		{D927E8C4-2AEE-4B2B-A3DB-30381A406AF8}.Release|Any CPU.Build.0 = Release|Any CPU
	EndGlobalSection
	GlobalSection(SolutionProperties) = preSolution
		HideSolutionNode = FALSE
	EndGlobalSection
	GlobalSection(ExtensibilityGlobals) = postSolution
		SolutionGuid = {8E8A144C-BE19-4D3D-9236-FF92C608E310}
	EndGlobalSection
EndGlobal
